{
  "requires": true,
  "lockfileVersion": 1,
  "dependencies": {
    "@gltf-transform/core": {
      "version": "1.0.0",
      "resolved": "https://registry.npmjs.org/@gltf-transform/core/-/core-1.0.0.tgz",
      "integrity": "sha512-TApTAM1U3wokML0JaMn6Lo4WcFRfHkMXfs5cuJc7Y2mDwfIZbxuvNtD4BjGWQN1uyOPbwJDYbjD6Ni9DrmU37Q==",
      "requires": {
        "gl-matrix": "~3.3.0"
      }
    },
    "gl-matrix": {
      "version": "3.3.0",
      "resolved": "https://registry.npmjs.org/gl-matrix/-/gl-matrix-3.3.0.tgz",
      "integrity": "sha512-COb7LDz+SXaHtl/h4LeaFcNdJdAQSDeVqjiIihSXNrkWObZLhDI4hIkZC11Aeqp7bcE72clzB0BnDXr2SmslRA=="
    }
  }
}
